
Microsoft Visual Studio Solution File, Format Version 11.00
# Visual Studio 2010
Project("{FAE04EC0-301F-11D3-BF4B-00C04F79EFBC}") = "Assembly-CSharp", "Assembly-CSharp.csproj", "{3CC652C2-464B-FAE5-85F1-90B8BC398AC1}"
EndProject
Project("{FAE04EC0-301F-11D3-BF4B-00C04F79EFBC}") = "Assembly-CSharp-firstpass", "Assembly-CSharp-firstpass.csproj", "{14E4712A-3262-AEE4-3F4E-F5CAA497A364}"
EndProject
Project("{FAE04EC0-301F-11D3-BF4B-00C04F79EFBC}") = "Assembly-CSharp-Editor", "Assembly-CSharp-Editor.csproj", "{28B29878-6543-0B0A-DA49-AB30F2836595}"
EndProject
Global
	GlobalSection(SolutionConfigurationPlatforms) = preSolution
		Debug|Any CPU = Debug|Any CPU
		Release|Any CPU = Release|Any CPU
	EndGlobalSection
	GlobalSection(ProjectConfigurationPlatforms) = postSolution
		{3CC652C2-464B-FAE5-85F1-90B8BC398AC1}.Debug|Any CPU.ActiveCfg = Debug|Any CPU
		{3CC652C2-464B-FAE5-85F1-90B8BC398AC1}.Debug|Any CPU.Build.0 = Debug|Any CPU
		{3CC652C2-464B-FAE5-85F1-90B8BC398AC1}.Release|Any CPU.ActiveCfg = Release|Any CPU
		{3CC652C2-464B-FAE5-85F1-90B8BC398AC1}.Release|Any CPU.Build.0 = Release|Any CPU
		{14E4712A-3262-AEE4-3F4E-F5CAA497A364}.Debug|Any CPU.ActiveCfg = Debug|Any CPU
		{14E4712A-3262-AEE4-3F4E-F5CAA497A364}.Debug|Any CPU.Build.0 = Debug|Any CPU
		{14E4712A-3262-AEE4-3F4E-F5CAA497A364}.Release|Any CPU.ActiveCfg = Release|Any CPU
		{14E4712A-3262-AEE4-3F4E-F5CAA497A364}.Release|Any CPU.Build.0 = Release|Any CPU
		{28B29878-6543-0B0A-DA49-AB30F2836595}.Debug|Any CPU.ActiveCfg = Debug|Any CPU
		{28B29878-6543-0B0A-DA49-AB30F2836595}.Debug|Any CPU.Build.0 = Debug|Any CPU
		{28B29878-6543-0B0A-DA49-AB30F2836595}.Release|Any CPU.ActiveCfg = Release|Any CPU
		{28B29878-6543-0B0A-DA49-AB30F2836595}.Release|Any CPU.Build.0 = Release|Any CPU
	EndGlobalSection
	GlobalSection(SolutionProperties) = preSolution
		HideSolutionNode = FALSE
	EndGlobalSection
EndGlobal
