Microsoft Visual Studio Solution File, Format Version 11.00
# Visual Studio 2010
Project("{FAE04EC0-301F-11D3-BF4B-00C04F79EFBC}") = "UniRx", "UniRx.csproj", "{57B12D50-7440-4DA9-17AD-57D1E5D68D66}"
EndProject
Project("{FAE04EC0-301F-11D3-BF4B-00C04F79EFBC}") = "Assembly-CSharp", "Assembly-CSharp.csproj", "{3CC652C2-464B-FAE5-85F1-90B8BC398AC1}"
EndProject
Project("{FAE04EC0-301F-11D3-BF4B-00C04F79EFBC}") = "Sirenix.OdinInspector.CompatibilityLayer", "Sirenix.OdinInspector.CompatibilityLayer.csproj", "{7B44AEA3-E97A-DBA1-9444-FC46364921DC}"
EndProject
Project("{FAE04EC0-301F-11D3-BF4B-00C04F79EFBC}") = "Assembly-CSharp-Editor", "Assembly-CSharp-Editor.csproj", "{28B29878-6543-0B0A-DA49-AB30F2836595}"
EndProject
Project("{FAE04EC0-301F-11D3-BF4B-00C04F79EFBC}") = "Sirenix.OdinInspector.CompatibilityLayer.Editor", "Sirenix.OdinInspector.CompatibilityLayer.Editor.csproj", "{54ECF7E2-600D-4971-61B5-D57A87B7E870}"
EndProject
Global
	GlobalSection(SolutionConfigurationPlatforms) = preSolution
		Debug|Any CPU = Debug|Any CPU
		Release|Any CPU = Release|Any CPU
	EndGlobalSection
	GlobalSection(ProjectConfigurationPlatforms) = postSolution
		{57B12D50-7440-4DA9-17AD-57D1E5D68D66}.Debug|Any CPU.ActiveCfg = Debug|Any CPU
		{57B12D50-7440-4DA9-17AD-57D1E5D68D66}.Debug|Any CPU.Build.0 = Debug|Any CPU
		{57B12D50-7440-4DA9-17AD-57D1E5D68D66}.Release|Any CPU.ActiveCfg = Release|Any CPU
		{57B12D50-7440-4DA9-17AD-57D1E5D68D66}.Release|Any CPU.Build.0 = Release|Any CPU
		{3CC652C2-464B-FAE5-85F1-90B8BC398AC1}.Debug|Any CPU.ActiveCfg = Debug|Any CPU
		{3CC652C2-464B-FAE5-85F1-90B8BC398AC1}.Debug|Any CPU.Build.0 = Debug|Any CPU
		{3CC652C2-464B-FAE5-85F1-90B8BC398AC1}.Release|Any CPU.ActiveCfg = Release|Any CPU
		{3CC652C2-464B-FAE5-85F1-90B8BC398AC1}.Release|Any CPU.Build.0 = Release|Any CPU
		{7B44AEA3-E97A-DBA1-9444-FC46364921DC}.Debug|Any CPU.ActiveCfg = Debug|Any CPU
		{7B44AEA3-E97A-DBA1-9444-FC46364921DC}.Debug|Any CPU.Build.0 = Debug|Any CPU
		{7B44AEA3-E97A-DBA1-9444-FC46364921DC}.Release|Any CPU.ActiveCfg = Release|Any CPU
		{7B44AEA3-E97A-DBA1-9444-FC46364921DC}.Release|Any CPU.Build.0 = Release|Any CPU
		{28B29878-6543-0B0A-DA49-AB30F2836595}.Debug|Any CPU.ActiveCfg = Debug|Any CPU
		{28B29878-6543-0B0A-DA49-AB30F2836595}.Debug|Any CPU.Build.0 = Debug|Any CPU
		{28B29878-6543-0B0A-DA49-AB30F2836595}.Release|Any CPU.ActiveCfg = Release|Any CPU
		{28B29878-6543-0B0A-DA49-AB30F2836595}.Release|Any CPU.Build.0 = Release|Any CPU
		{54ECF7E2-600D-4971-61B5-D57A87B7E870}.Debug|Any CPU.ActiveCfg = Debug|Any CPU
		{54ECF7E2-600D-4971-61B5-D57A87B7E870}.Debug|Any CPU.Build.0 = Debug|Any CPU
		{54ECF7E2-600D-4971-61B5-D57A87B7E870}.Release|Any CPU.ActiveCfg = Release|Any CPU
		{54ECF7E2-600D-4971-61B5-D57A87B7E870}.Release|Any CPU.Build.0 = Release|Any CPU
	EndGlobalSection
	GlobalSection(SolutionProperties) = preSolution
		HideSolutionNode = FALSE
	EndGlobalSection
	GlobalSection(MonoDevelopProperties) = preSolution
		StartupItem = Assembly-CSharp.csproj
	EndGlobalSection
EndGlobal
